
Microsoft Visual Studio Solution File, Format Version 12.00
# Visual Studio Version 17
VisualStudioVersion = 17.2.32317.152
MinimumVisualStudioVersion = 10.0.40219.1
Project("{FAE04EC0-301F-11D3-BF4B-00C04F79EFBC}") = "Al2", "Al2\Al2.csproj", "{4767BD3E-3B8D-4FF6-97A4-78ACFF5441FD}"
EndProject
Global
	GlobalSection(SolutionConfigurationPlatforms) = preSolution
		Debug|Any CPU = Debug|Any CPU
		Release|Any CPU = Release|Any CPU
	EndGlobalSection
	GlobalSection(ProjectConfigurationPlatforms) = postSolution
		{4767BD3E-3B8D-4FF6-97A4-78ACFF5441FD}.Debug|Any CPU.ActiveCfg = Debug|Any CPU
		{4767BD3E-3B8D-4FF6-97A4-78ACFF5441FD}.Debug|Any CPU.Build.0 = Debug|Any CPU
		{4767BD3E-3B8D-4FF6-97A4-78ACFF5441FD}.Release|Any CPU.ActiveCfg = Release|Any CPU
		{4767BD3E-3B8D-4FF6-97A4-78ACFF5441FD}.Release|Any CPU.Build.0 = Release|Any CPU
	EndGlobalSection
	GlobalSection(SolutionProperties) = preSolution
		HideSolutionNode = FALSE
	EndGlobalSection
	GlobalSection(ExtensibilityGlobals) = postSolution
		SolutionGuid = {A853E319-4A5C-4787-BF9F-3C8587CB08A3}
	EndGlobalSection
EndGlobal
